
Microsoft Visual Studio Solution File, Format Version 12.00
# Visual Studio Version 17
VisualStudioVersion = 17.9.34622.214
MinimumVisualStudioVersion = 10.0.40219.1
Project("{FAE04EC0-301F-11D3-BF4B-00C04F79EFBC}") = "Mastermind-Mayoraz_DemoMot", "Mastermind-Mayoraz_DemoMot.csproj", "{92168996-F79F-4AF8-ACEE-07DBDCBA8280}"
EndProject
Global
	GlobalSection(SolutionConfigurationPlatforms) = preSolution
		Debug|Any CPU = Debug|Any CPU
		Release|Any CPU = Release|Any CPU
	EndGlobalSection
	GlobalSection(ProjectConfigurationPlatforms) = postSolution
		{92168996-F79F-4AF8-ACEE-07DBDCBA8280}.Debug|Any CPU.ActiveCfg = Debug|Any CPU
		{92168996-F79F-4AF8-ACEE-07DBDCBA8280}.Debug|Any CPU.Build.0 = Debug|Any CPU
		{92168996-F79F-4AF8-ACEE-07DBDCBA8280}.Release|Any CPU.ActiveCfg = Release|Any CPU
		{92168996-F79F-4AF8-ACEE-07DBDCBA8280}.Release|Any CPU.Build.0 = Release|Any CPU
	EndGlobalSection
	GlobalSection(SolutionProperties) = preSolution
		HideSolutionNode = FALSE
	EndGlobalSection
	GlobalSection(ExtensibilityGlobals) = postSolution
		SolutionGuid = {AC1CB599-289D-4BEF-B897-D917991EB3E2}
	EndGlobalSection
EndGlobal
